{
  "name": "assinador-pdf",
  "version": "1.0.0",
  "lockfileVersion": 3,
  "requires": true,
  "packages": {
    "": {
      "name": "assinador-pdf",
      "version": "1.0.0",
      "license": "ISC",
      "dependencies": {
        "@signpdf/placeholder-pdf-lib": "^3.2.6",
        "@signpdf/signer-p12": "^3.2.4",
        "@signpdf/signpdf": "^3.2.5",
        "dotenv": "^17.2.2",
        "pdf-lib": "^1.17.1"
      }
    },
    "node_modules/@pdf-lib/standard-fonts": {
      "version": "1.0.0",
      "resolved": "https://registry.npmjs.org/@pdf-lib/standard-fonts/-/standard-fonts-1.0.0.tgz",
      "integrity": "sha512-hU30BK9IUN/su0Mn9VdlVKsWBS6GyhVfqjwl1FjZN4TxP6cCw0jP2w7V3Hf5uX7M0AZJ16vey9yE0ny7Sa59ZA==",
      "license": "MIT",
      "dependencies": {
        "pako": "^1.0.6"
      }
    },
    "node_modules/@pdf-lib/upng": {
      "version": "1.0.1",
      "resolved": "https://registry.npmjs.org/@pdf-lib/upng/-/upng-1.0.1.tgz",
      "integrity": "sha512-dQK2FUMQtowVP00mtIksrlZhdFXQZPC+taih1q4CvPZ5vqdxR/LKBaFg0oAfzd1GlHZXXSPdQfzQnt+ViGvEIQ==",
      "license": "MIT",
      "dependencies": {
        "pako": "^1.0.10"
      }
    },
    "node_modules/@signpdf/placeholder-pdf-lib": {
      "version": "3.2.6",
      "resolved": "https://registry.npmjs.org/@signpdf/placeholder-pdf-lib/-/placeholder-pdf-lib-3.2.6.tgz",
      "integrity": "sha512-3iSKYo796aZzmPWCubrc2iXRidkMctDUdP+VvZnuy1e2pjoUa1sxh3a4ohgidJsNOrtMXMwgFk6Q/Y+xQgKOWg==",
      "funding": [
        {
          "type": "individual",
          "url": "https://buymeacoffee.com/vbuch?utm_source=npm-funding-signpdf"
        }
      ],
      "license": "MIT",
      "dependencies": {
        "@signpdf/utils": "^3.2.4"
      },
      "engines": {
        "node": ">=12",
        "yarn": ">=1.22.18"
      },
      "peerDependencies": {
        "pdf-lib": "^1.17.1"
      }
    },
    "node_modules/@signpdf/signer-p12": {
      "version": "3.2.4",
      "resolved": "https://registry.npmjs.org/@signpdf/signer-p12/-/signer-p12-3.2.4.tgz",
      "integrity": "sha512-DTeYMj1DI30VYmaZXp2zZEg9YwVm3NmqjLF3q6ZxUwlOUSLLOUFkVafIs4YibTAGBmgjWKEMfmNCndK2ACLlzQ==",
      "funding": [
        {
          "type": "individual",
          "url": "https://buymeacoffee.com/vbuch?utm_source=npm-funding-signpdf"
        }
      ],
      "license": "MIT",
      "dependencies": {
        "@signpdf/utils": "^3.2.4"
      },
      "engines": {
        "node": ">=12",
        "yarn": ">=1.22.18"
      },
      "peerDependencies": {
        "node-forge": "^1.2.1"
      }
    },
    "node_modules/@signpdf/signpdf": {
      "version": "3.2.5",
      "resolved": "https://registry.npmjs.org/@signpdf/signpdf/-/signpdf-3.2.5.tgz",
      "integrity": "sha512-mxGgVU+VkhCxNZ1eDGCmkE5zWFJExXPXn2myjrLcekHnJNpBKZr6WBrrznGOlLeDVAaiSVXjeysehgpZSJlJIA==",
      "funding": [
        {
          "type": "individual",
          "url": "https://buymeacoffee.com/vbuch?utm_source=npm-funding-signpdf"
        }
      ],
      "license": "MIT",
      "dependencies": {
        "@signpdf/utils": "^3.2.4"
      },
      "engines": {
        "node": ">=12"
      }
    },
    "node_modules/@signpdf/utils": {
      "version": "3.2.4",
      "resolved": "https://registry.npmjs.org/@signpdf/utils/-/utils-3.2.4.tgz",
      "integrity": "sha512-6e7OZugRY6obyTbAKdj6yCIywCJqN0FDywsIrhkRnOTAKm4J3WVXq18NjzmE6iEXLknxok9EXNW/eVvY9Vp1gg==",
      "funding": [
        {
          "type": "individual",
          "url": "https://buymeacoffee.com/vbuch?utm_source=npm-funding-signpdf"
        }
      ],
      "license": "MIT",
      "engines": {
        "node": ">=12",
        "yarn": ">=1.22.18"
      }
    },
    "node_modules/dotenv": {
      "version": "17.2.2",
      "resolved": "https://registry.npmjs.org/dotenv/-/dotenv-17.2.2.tgz",
      "integrity": "sha512-Sf2LSQP+bOlhKWWyhFsn0UsfdK/kCWRv1iuA2gXAwt3dyNabr6QSj00I2V10pidqz69soatm9ZwZvpQMTIOd5Q==",
      "license": "BSD-2-Clause",
      "engines": {
        "node": ">=12"
      },
      "funding": {
        "url": "https://dotenvx.com"
      }
    },
    "node_modules/node-forge": {
      "version": "1.3.1",
      "resolved": "https://registry.npmjs.org/node-forge/-/node-forge-1.3.1.tgz",
      "integrity": "sha512-dPEtOeMvF9VMcYV/1Wb8CPoVAXtp6MKMlcbAt4ddqmGqUJ6fQZFXkNZNkNlfevtNkGtaSoXf/vNNNSvgrdXwtA==",
      "license": "(BSD-3-Clause OR GPL-2.0)",
      "peer": true,
      "engines": {
        "node": ">= 6.13.0"
      }
    },
    "node_modules/pako": {
      "version": "1.0.11",
      "resolved": "https://registry.npmjs.org/pako/-/pako-1.0.11.tgz",
      "integrity": "sha512-4hLB8Py4zZce5s4yd9XzopqwVv/yGNhV1Bl8NTmCq1763HeK2+EwVTv+leGeL13Dnh2wfbqowVPXCIO0z4taYw==",
      "license": "(MIT AND Zlib)"
    },
    "node_modules/pdf-lib": {
      "version": "1.17.1",
      "resolved": "https://registry.npmjs.org/pdf-lib/-/pdf-lib-1.17.1.tgz",
      "integrity": "sha512-V/mpyJAoTsN4cnP31vc0wfNA1+p20evqqnap0KLoRUN0Yk/p3wN52DOEsL4oBFcLdb76hlpKPtzJIgo67j/XLw==",
      "license": "MIT",
      "dependencies": {
        "@pdf-lib/standard-fonts": "^1.0.0",
        "@pdf-lib/upng": "^1.0.1",
        "pako": "^1.0.11",
        "tslib": "^1.11.1"
      }
    },
    "node_modules/tslib": {
      "version": "1.14.1",
      "resolved": "https://registry.npmjs.org/tslib/-/tslib-1.14.1.tgz",
      "integrity": "sha512-Xni35NKzjgMrwevysHTCArtLDpPvye8zV/0E4EyYn43P7/7qvQwPh9BGkHewbMulVntbigmcT7rdX3BNo9wRJg==",
      "license": "0BSD"
    }
  }
}
